
Microsoft Visual Studio Solution File, Format Version 12.00
# Visual Studio 15
VisualStudioVersion = 15.0.28307.438
MinimumVisualStudioVersion = 10.0.40219.1
Project("{888888A0-9F3D-457C-B088-3A5042F75D52}") = "MyShittyFirstGame", "PythonApplication4\MyShittyFirstGame.pyproj", "{ED0EE0BB-3EA3-4B10-B455-7436ABF5C4D2}"
EndProject
Project("{888888A0-9F3D-457C-B088-3A5042F75D52}") = "Drawing", "Drawing\Drawing.pyproj", "{879B2CCB-852C-4EB9-BF62-3CD39C8ED9B6}"
EndProject
Global
	GlobalSection(SolutionConfigurationPlatforms) = preSolution
		Debug|Any CPU = Debug|Any CPU
		Release|Any CPU = Release|Any CPU
	EndGlobalSection
	GlobalSection(ProjectConfigurationPlatforms) = postSolution
		{ED0EE0BB-3EA3-4B10-B455-7436ABF5C4D2}.Debug|Any CPU.ActiveCfg = Debug|Any CPU
		{ED0EE0BB-3EA3-4B10-B455-7436ABF5C4D2}.Release|Any CPU.ActiveCfg = Release|Any CPU
		{879B2CCB-852C-4EB9-BF62-3CD39C8ED9B6}.Debug|Any CPU.ActiveCfg = Debug|Any CPU
		{879B2CCB-852C-4EB9-BF62-3CD39C8ED9B6}.Release|Any CPU.ActiveCfg = Release|Any CPU
	EndGlobalSection
	GlobalSection(SolutionProperties) = preSolution
		HideSolutionNode = FALSE
	EndGlobalSection
	GlobalSection(ExtensibilityGlobals) = postSolution
		SolutionGuid = {F64CD724-7B39-4B59-B378-170ADC6777D2}
	EndGlobalSection
EndGlobal
